// !$*UTF8*$!
{
	archiveVersion = 1;
	classes = {
	};
	objectVersion = 46;
	objects = {

/* Begin PBXBuildFile section */
		884489A71CA1225A008FBA39 /* UserInfo.m in Sources */ = {isa = PBXBuildFile; fileRef = 884489A61CA1225A008FBA39 /* UserInfo.m */; };
		8854B5961CA0F3E600353828 /* LoginApi.m in Sources */ = {isa = PBXBuildFile; fileRef = 8854B5951CA0F3E600353828 /* LoginApi.m */; };
		8854B5991CA0F78A00353828 /* GetUserInfoApi.m in Sources */ = {isa = PBXBuildFile; fileRef = 8854B5981CA0F78A00353828 /* GetUserInfoApi.m */; };
		8854B59C1CA0F7D200353828 /* UserInfoAdapter.m in Sources */ = {isa = PBXBuildFile; fileRef = 8854B59B1CA0F7D200353828 /* UserInfoAdapter.m */; };
		8854B5E81CA0F97900353828 /* AFDownloadRequestOperation.m in Sources */ = {isa = PBXBuildFile; fileRef = 8854B5A21CA0F97900353828 /* AFDownloadRequestOperation.m */; };
		8854B5E91CA0F97900353828 /* AFHTTPRequestOperation.m in Sources */ = {isa = PBXBuildFile; fileRef = 8854B5A51CA0F97900353828 /* AFHTTPRequestOperation.m */; };
		8854B5EA1CA0F97900353828 /* AFHTTPRequestOperationManager.m in Sources */ = {isa = PBXBuildFile; fileRef = 8854B5A71CA0F97900353828 /* AFHTTPRequestOperationManager.m */; };
		8854B5EB1CA0F97900353828 /* AFHTTPSessionManager.m in Sources */ = {isa = PBXBuildFile; fileRef = 8854B5A91CA0F97900353828 /* AFHTTPSessionManager.m */; };
		8854B5EC1CA0F97900353828 /* AFNetworkReachabilityManager.m in Sources */ = {isa = PBXBuildFile; fileRef = 8854B5AC1CA0F97900353828 /* AFNetworkReachabilityManager.m */; };
		8854B5ED1CA0F97900353828 /* AFSecurityPolicy.m in Sources */ = {isa = PBXBuildFile; fileRef = 8854B5AE1CA0F97900353828 /* AFSecurityPolicy.m */; };
		8854B5EE1CA0F97900353828 /* AFURLConnectionOperation.m in Sources */ = {isa = PBXBuildFile; fileRef = 8854B5B01CA0F97900353828 /* AFURLConnectionOperation.m */; };
		8854B5EF1CA0F97900353828 /* AFURLRequestSerialization.m in Sources */ = {isa = PBXBuildFile; fileRef = 8854B5B21CA0F97900353828 /* AFURLRequestSerialization.m */; };
		8854B5F01CA0F97900353828 /* AFURLResponseSerialization.m in Sources */ = {isa = PBXBuildFile; fileRef = 8854B5B41CA0F97900353828 /* AFURLResponseSerialization.m */; };
		8854B5F11CA0F97900353828 /* AFURLSessionManager.m in Sources */ = {isa = PBXBuildFile; fileRef = 8854B5B61CA0F97900353828 /* AFURLSessionManager.m */; };
		8854B5F21CA0F97900353828 /* AFNetworkActivityIndicatorManager.m in Sources */ = {isa = PBXBuildFile; fileRef = 8854B5B91CA0F97900353828 /* AFNetworkActivityIndicatorManager.m */; };
		8854B5F31CA0F97900353828 /* UIActivityIndicatorView+AFNetworking.m in Sources */ = {isa = PBXBuildFile; fileRef = 8854B5BB1CA0F97900353828 /* UIActivityIndicatorView+AFNetworking.m */; };
		8854B5F41CA0F97900353828 /* UIAlertView+AFNetworking.m in Sources */ = {isa = PBXBuildFile; fileRef = 8854B5BD1CA0F97900353828 /* UIAlertView+AFNetworking.m */; };
		8854B5F51CA0F97900353828 /* UIButton+AFNetworking.m in Sources */ = {isa = PBXBuildFile; fileRef = 8854B5BF1CA0F97900353828 /* UIButton+AFNetworking.m */; };
		8854B5F61CA0F97900353828 /* UIImageView+AFNetworking.m in Sources */ = {isa = PBXBuildFile; fileRef = 8854B5C11CA0F97900353828 /* UIImageView+AFNetworking.m */; };
		8854B5F71CA0F97900353828 /* UIProgressView+AFNetworking.m in Sources */ = {isa = PBXBuildFile; fileRef = 8854B5C41CA0F97900353828 /* UIProgressView+AFNetworking.m */; };
		8854B5F81CA0F97900353828 /* UIRefreshControl+AFNetworking.m in Sources */ = {isa = PBXBuildFile; fileRef = 8854B5C61CA0F97900353828 /* UIRefreshControl+AFNetworking.m */; };
		8854B5F91CA0F97900353828 /* UIWebView+AFNetworking.m in Sources */ = {isa = PBXBuildFile; fileRef = 8854B5C81CA0F97900353828 /* UIWebView+AFNetworking.m */; };
		8854B5FA1CA0F97900353828 /* TYAdaperManager.m in Sources */ = {isa = PBXBuildFile; fileRef = 8854B5CE1CA0F97900353828 /* TYAdaperManager.m */; };
		8854B5FB1CA0F97900353828 /* TYBaseAdapter.m in Sources */ = {isa = PBXBuildFile; fileRef = 8854B5D01CA0F97900353828 /* TYBaseAdapter.m */; };
		8854B5FC1CA0F97900353828 /* NSArray+TYExtend.m in Sources */ = {isa = PBXBuildFile; fileRef = 8854B5D31CA0F97900353828 /* NSArray+TYExtend.m */; };
		8854B5FD1CA0F97900353828 /* NSData+TYExtend.m in Sources */ = {isa = PBXBuildFile; fileRef = 8854B5D51CA0F97900353828 /* NSData+TYExtend.m */; };
		8854B5FE1CA0F97900353828 /* NSString+TYExtend.m in Sources */ = {isa = PBXBuildFile; fileRef = 8854B5D71CA0F97900353828 /* NSString+TYExtend.m */; };
		8854B5FF1CA0F97900353828 /* TYBaseRequest.m in Sources */ = {isa = PBXBuildFile; fileRef = 8854B5DB1CA0F97900353828 /* TYBaseRequest.m */; };
		8854B6001CA0F97900353828 /* TYNetworkAgent.m in Sources */ = {isa = PBXBuildFile; fileRef = 8854B5DD1CA0F97900353828 /* TYNetworkAgent.m */; };
		8854B6011CA0F97900353828 /* TYNetworkConfig.m in Sources */ = {isa = PBXBuildFile; fileRef = 8854B5DF1CA0F97900353828 /* TYNetworkConfig.m */; };
		8854B6021CA0F97900353828 /* TYNetworkUtil.m in Sources */ = {isa = PBXBuildFile; fileRef = 8854B5E11CA0F97900353828 /* TYNetworkUtil.m */; };
		8854B6031CA0F97900353828 /* TYRequest.m in Sources */ = {isa = PBXBuildFile; fileRef = 8854B5E31CA0F97900353828 /* TYRequest.m */; };
		8854B6041CA0F97900353828 /* TYTool.m in Sources */ = {isa = PBXBuildFile; fileRef = 8854B5E61CA0F97900353828 /* TYTool.m */; };
		886968BE1C92BE0800C127CB /* main.m in Sources */ = {isa = PBXBuildFile; fileRef = 886968BD1C92BE0800C127CB /* main.m */; };
		886968C11C92BE0800C127CB /* AppDelegate.m in Sources */ = {isa = PBXBuildFile; fileRef = 886968C01C92BE0800C127CB /* AppDelegate.m */; };
		886968C41C92BE0800C127CB /* ViewController.m in Sources */ = {isa = PBXBuildFile; fileRef = 886968C31C92BE0800C127CB /* ViewController.m */; };
		886968C71C92BE0900C127CB /* Main.storyboard in Resources */ = {isa = PBXBuildFile; fileRef = 886968C51C92BE0900C127CB /* Main.storyboard */; };
		886968C91C92BE0900C127CB /* Assets.xcassets in Resources */ = {isa = PBXBuildFile; fileRef = 886968C81C92BE0900C127CB /* Assets.xcassets */; };
		886968CC1C92BE0900C127CB /* LaunchScreen.storyboard in Resources */ = {isa = PBXBuildFile; fileRef = 886968CA1C92BE0900C127CB /* LaunchScreen.storyboard */; };
		886968D71C92BE0900C127CB /* TYKitDemoProjectTests.m in Sources */ = {isa = PBXBuildFile; fileRef = 886968D61C92BE0900C127CB /* TYKitDemoProjectTests.m */; };
		886968E21C92BE0900C127CB /* TYKitDemoProjectUITests.m in Sources */ = {isa = PBXBuildFile; fileRef = 886968E11C92BE0900C127CB /* TYKitDemoProjectUITests.m */; };
/* End PBXBuildFile section */

/* Begin PBXContainerItemProxy section */
		886968D31C92BE0900C127CB /* PBXContainerItemProxy */ = {
			isa = PBXContainerItemProxy;
			containerPortal = 886968B11C92BE0800C127CB /* Project object */;
			proxyType = 1;
			remoteGlobalIDString = 886968B81C92BE0800C127CB;
			remoteInfo = TYKitDemoProject;
		};
		886968DE1C92BE0900C127CB /* PBXContainerItemProxy */ = {
			isa = PBXContainerItemProxy;
			containerPortal = 886968B11C92BE0800C127CB /* Project object */;
			proxyType = 1;
			remoteGlobalIDString = 886968B81C92BE0800C127CB;
			remoteInfo = TYKitDemoProject;
		};
/* End PBXContainerItemProxy section */

/* Begin PBXFileReference section */
		884489A51CA1225A008FBA39 /* UserInfo.h */ = {isa = PBXFileReference; fileEncoding = 4; lastKnownFileType = sourcecode.c.h; path = UserInfo.h; sourceTree = "<group>"; };
		884489A61CA1225A008FBA39 /* UserInfo.m */ = {isa = PBXFileReference; fileEncoding = 4; lastKnownFileType = sourcecode.c.objc; path = UserInfo.m; sourceTree = "<group>"; };
		884489A81CA125B7008FBA39 /* PrefixHeader.pch */ = {isa = PBXFileReference; lastKnownFileType = sourcecode.c.h; path = PrefixHeader.pch; sourceTree = "<group>"; };
		8854B5941CA0F3E600353828 /* LoginApi.h */ = {isa = PBXFileReference; fileEncoding = 4; lastKnownFileType = sourcecode.c.h; path = LoginApi.h; sourceTree = "<group>"; };
		8854B5951CA0F3E600353828 /* LoginApi.m */ = {isa = PBXFileReference; fileEncoding = 4; lastKnownFileType = sourcecode.c.objc; path = LoginApi.m; sourceTree = "<group>"; };
		8854B5971CA0F78A00353828 /* GetUserInfoApi.h */ = {isa = PBXFileReference; fileEncoding = 4; lastKnownFileType = sourcecode.c.h; path = GetUserInfoApi.h; sourceTree = "<group>"; };
		8854B5981CA0F78A00353828 /* GetUserInfoApi.m */ = {isa = PBXFileReference; fileEncoding = 4; lastKnownFileType = sourcecode.c.objc; path = GetUserInfoApi.m; sourceTree = "<group>"; };
		8854B59A1CA0F7D200353828 /* UserInfoAdapter.h */ = {isa = PBXFileReference; fileEncoding = 4; lastKnownFileType = sourcecode.c.h; path = UserInfoAdapter.h; sourceTree = "<group>"; };
		8854B59B1CA0F7D200353828 /* UserInfoAdapter.m */ = {isa = PBXFileReference; fileEncoding = 4; lastKnownFileType = sourcecode.c.objc; path = UserInfoAdapter.m; sourceTree = "<group>"; };
		8854B5A11CA0F97900353828 /* AFDownloadRequestOperation.h */ = {isa = PBXFileReference; fileEncoding = 4; lastKnownFileType = sourcecode.c.h; path = AFDownloadRequestOperation.h; sourceTree = "<group>"; };
		8854B5A21CA0F97900353828 /* AFDownloadRequestOperation.m */ = {isa = PBXFileReference; fileEncoding = 4; lastKnownFileType = sourcecode.c.objc; path = AFDownloadRequestOperation.m; sourceTree = "<group>"; };
		8854B5A41CA0F97900353828 /* AFHTTPRequestOperation.h */ = {isa = PBXFileReference; fileEncoding = 4; lastKnownFileType = sourcecode.c.h; path = AFHTTPRequestOperation.h; sourceTree = "<group>"; };
		8854B5A51CA0F97900353828 /* AFHTTPRequestOperation.m */ = {isa = PBXFileReference; fileEncoding = 4; lastKnownFileType = sourcecode.c.objc; path = AFHTTPRequestOperation.m; sourceTree = "<group>"; };
		8854B5A61CA0F97900353828 /* AFHTTPRequestOperationManager.h */ = {isa = PBXFileReference; fileEncoding = 4; lastKnownFileType = sourcecode.c.h; path = AFHTTPRequestOperationManager.h; sourceTree = "<group>"; };
		8854B5A71CA0F97900353828 /* AFHTTPRequestOperationManager.m */ = {isa = PBXFileReference; fileEncoding = 4; lastKnownFileType = sourcecode.c.objc; path = AFHTTPRequestOperationManager.m; sourceTree = "<group>"; };
		8854B5A81CA0F97900353828 /* AFHTTPSessionManager.h */ = {isa = PBXFileReference; fileEncoding = 4; lastKnownFileType = sourcecode.c.h; path = AFHTTPSessionManager.h; sourceTree = "<group>"; };
		8854B5A91CA0F97900353828 /* AFHTTPSessionManager.m */ = {isa = PBXFileReference; fileEncoding = 4; lastKnownFileType = sourcecode.c.objc; path = AFHTTPSessionManager.m; sourceTree = "<group>"; };
		8854B5AA1CA0F97900353828 /* AFNetworking.h */ = {isa = PBXFileReference; fileEncoding = 4; lastKnownFileType = sourcecode.c.h; path = AFNetworking.h; sourceTree = "<group>"; };
		8854B5AB1CA0F97900353828 /* AFNetworkReachabilityManager.h */ = {isa = PBXFileReference; fileEncoding = 4; lastKnownFileType = sourcecode.c.h; path = AFNetworkReachabilityManager.h; sourceTree = "<group>"; };
		8854B5AC1CA0F97900353828 /* AFNetworkReachabilityManager.m */ = {isa = PBXFileReference; fileEncoding = 4; lastKnownFileType = sourcecode.c.objc; path = AFNetworkReachabilityManager.m; sourceTree = "<group>"; };
		8854B5AD1CA0F97900353828 /* AFSecurityPolicy.h */ = {isa = PBXFileReference; fileEncoding = 4; lastKnownFileType = sourcecode.c.h; path = AFSecurityPolicy.h; sourceTree = "<group>"; };
		8854B5AE1CA0F97900353828 /* AFSecurityPolicy.m */ = {isa = PBXFileReference; fileEncoding = 4; lastKnownFileType = sourcecode.c.objc; path = AFSecurityPolicy.m; sourceTree = "<group>"; };
		8854B5AF1CA0F97900353828 /* AFURLConnectionOperation.h */ = {isa = PBXFileReference; fileEncoding = 4; lastKnownFileType = sourcecode.c.h; path = AFURLConnectionOperation.h; sourceTree = "<group>"; };
		8854B5B01CA0F97900353828 /* AFURLConnectionOperation.m */ = {isa = PBXFileReference; fileEncoding = 4; lastKnownFileType = sourcecode.c.objc; path = AFURLConnectionOperation.m; sourceTree = "<group>"; };
		8854B5B11CA0F97900353828 /* AFURLRequestSerialization.h */ = {isa = PBXFileReference; fileEncoding = 4; lastKnownFileType = sourcecode.c.h; path = AFURLRequestSerialization.h; sourceTree = "<group>"; };
		8854B5B21CA0F97900353828 /* AFURLRequestSerialization.m */ = {isa = PBXFileReference; fileEncoding = 4; lastKnownFileType = sourcecode.c.objc; path = AFURLRequestSerialization.m; sourceTree = "<group>"; };
		8854B5B31CA0F97900353828 /* AFURLResponseSerialization.h */ = {isa = PBXFileReference; fileEncoding = 4; lastKnownFileType = sourcecode.c.h; path = AFURLResponseSerialization.h; sourceTree = "<group>"; };
		8854B5B41CA0F97900353828 /* AFURLResponseSerialization.m */ = {isa = PBXFileReference; fileEncoding = 4; lastKnownFileType = sourcecode.c.objc; path = AFURLResponseSerialization.m; sourceTree = "<group>"; };
		8854B5B51CA0F97900353828 /* AFURLSessionManager.h */ = {isa = PBXFileReference; fileEncoding = 4; lastKnownFileType = sourcecode.c.h; path = AFURLSessionManager.h; sourceTree = "<group>"; };
		8854B5B61CA0F97900353828 /* AFURLSessionManager.m */ = {isa = PBXFileReference; fileEncoding = 4; lastKnownFileType = sourcecode.c.objc; path = AFURLSessionManager.m; sourceTree = "<group>"; };
		8854B5B81CA0F97900353828 /* AFNetworkActivityIndicatorManager.h */ = {isa = PBXFileReference; fileEncoding = 4; lastKnownFileType = sourcecode.c.h; path = AFNetworkActivityIndicatorManager.h; sourceTree = "<group>"; };
		8854B5B91CA0F97900353828 /* AFNetworkActivityIndicatorManager.m */ = {isa = PBXFileReference; fileEncoding = 4; lastKnownFileType = sourcecode.c.objc; path = AFNetworkActivityIndicatorManager.m; sourceTree = "<group>"; };
		8854B5BA1CA0F97900353828 /* UIActivityIndicatorView+AFNetworking.h */ = {isa = PBXFileReference; fileEncoding = 4; lastKnownFileType = sourcecode.c.h; path = "UIActivityIndicatorView+AFNetworking.h"; sourceTree = "<group>"; };
		8854B5BB1CA0F97900353828 /* UIActivityIndicatorView+AFNetworking.m */ = {isa = PBXFileReference; fileEncoding = 4; lastKnownFileType = sourcecode.c.objc; path = "UIActivityIndicatorView+AFNetworking.m"; sourceTree = "<group>"; };
		8854B5BC1CA0F97900353828 /* UIAlertView+AFNetworking.h */ = {isa = PBXFileReference; fileEncoding = 4; lastKnownFileType = sourcecode.c.h; path = "UIAlertView+AFNetworking.h"; sourceTree = "<group>"; };
		8854B5BD1CA0F97900353828 /* UIAlertView+AFNetworking.m */ = {isa = PBXFileReference; fileEncoding = 4; lastKnownFileType = sourcecode.c.objc; path = "UIAlertView+AFNetworking.m"; sourceTree = "<group>"; };
		8854B5BE1CA0F97900353828 /* UIButton+AFNetworking.h */ = {isa = PBXFileReference; fileEncoding = 4; lastKnownFileType = sourcecode.c.h; path = "UIButton+AFNetworking.h"; sourceTree = "<group>"; };
		8854B5BF1CA0F97900353828 /* UIButton+AFNetworking.m */ = {isa = PBXFileReference; fileEncoding = 4; lastKnownFileType = sourcecode.c.objc; path = "UIButton+AFNetworking.m"; sourceTree = "<group>"; };
		8854B5C01CA0F97900353828 /* UIImageView+AFNetworking.h */ = {isa = PBXFileReference; fileEncoding = 4; lastKnownFileType = sourcecode.c.h; path = "UIImageView+AFNetworking.h"; sourceTree = "<group>"; };
		8854B5C11CA0F97900353828 /* UIImageView+AFNetworking.m */ = {isa = PBXFileReference; fileEncoding = 4; lastKnownFileType = sourcecode.c.objc; path = "UIImageView+AFNetworking.m"; sourceTree = "<group>"; };
		8854B5C21CA0F97900353828 /* UIKit+AFNetworking.h */ = {isa = PBXFileReference; fileEncoding = 4; lastKnownFileType = sourcecode.c.h; path = "UIKit+AFNetworking.h"; sourceTree = "<group>"; };
		8854B5C31CA0F97900353828 /* UIProgressView+AFNetworking.h */ = {isa = PBXFileReference; fileEncoding = 4; lastKnownFileType = sourcecode.c.h; path = "UIProgressView+AFNetworking.h"; sourceTree = "<group>"; };
		8854B5C41CA0F97900353828 /* UIProgressView+AFNetworking.m */ = {isa = PBXFileReference; fileEncoding = 4; lastKnownFileType = sourcecode.c.objc; path = "UIProgressView+AFNetworking.m"; sourceTree = "<group>"; };
		8854B5C51CA0F97900353828 /* UIRefreshControl+AFNetworking.h */ = {isa = PBXFileReference; fileEncoding = 4; lastKnownFileType = sourcecode.c.h; path = "UIRefreshControl+AFNetworking.h"; sourceTree = "<group>"; };
		8854B5C61CA0F97900353828 /* UIRefreshControl+AFNetworking.m */ = {isa = PBXFileReference; fileEncoding = 4; lastKnownFileType = sourcecode.c.objc; path = "UIRefreshControl+AFNetworking.m"; sourceTree = "<group>"; };
		8854B5C71CA0F97900353828 /* UIWebView+AFNetworking.h */ = {isa = PBXFileReference; fileEncoding = 4; lastKnownFileType = sourcecode.c.h; path = "UIWebView+AFNetworking.h"; sourceTree = "<group>"; };
		8854B5C81CA0F97900353828 /* UIWebView+AFNetworking.m */ = {isa = PBXFileReference; fileEncoding = 4; lastKnownFileType = sourcecode.c.objc; path = "UIWebView+AFNetworking.m"; sourceTree = "<group>"; };
		8854B5CB1CA0F97900353828 /* TYConstant.h */ = {isa = PBXFileReference; fileEncoding = 4; lastKnownFileType = sourcecode.c.h; path = TYConstant.h; sourceTree = "<group>"; };
		8854B5CD1CA0F97900353828 /* TYAdaperManager.h */ = {isa = PBXFileReference; fileEncoding = 4; lastKnownFileType = sourcecode.c.h; path = TYAdaperManager.h; sourceTree = "<group>"; };
		8854B5CE1CA0F97900353828 /* TYAdaperManager.m */ = {isa = PBXFileReference; fileEncoding = 4; lastKnownFileType = sourcecode.c.objc; path = TYAdaperManager.m; sourceTree = "<group>"; };
		8854B5CF1CA0F97900353828 /* TYBaseAdapter.h */ = {isa = PBXFileReference; fileEncoding = 4; lastKnownFileType = sourcecode.c.h; path = TYBaseAdapter.h; sourceTree = "<group>"; };
		8854B5D01CA0F97900353828 /* TYBaseAdapter.m */ = {isa = PBXFileReference; fileEncoding = 4; lastKnownFileType = sourcecode.c.objc; path = TYBaseAdapter.m; sourceTree = "<group>"; };
		8854B5D21CA0F97900353828 /* NSArray+TYExtend.h */ = {isa = PBXFileReference; fileEncoding = 4; lastKnownFileType = sourcecode.c.h; path = "NSArray+TYExtend.h"; sourceTree = "<group>"; };
		8854B5D31CA0F97900353828 /* NSArray+TYExtend.m */ = {isa = PBXFileReference; fileEncoding = 4; lastKnownFileType = sourcecode.c.objc; path = "NSArray+TYExtend.m"; sourceTree = "<group>"; };
		8854B5D41CA0F97900353828 /* NSData+TYExtend.h */ = {isa = PBXFileReference; fileEncoding = 4; lastKnownFileType = sourcecode.c.h; path = "NSData+TYExtend.h"; sourceTree = "<group>"; };
		8854B5D51CA0F97900353828 /* NSData+TYExtend.m */ = {isa = PBXFileReference; fileEncoding = 4; lastKnownFileType = sourcecode.c.objc; path = "NSData+TYExtend.m"; sourceTree = "<group>"; };
		8854B5D61CA0F97900353828 /* NSString+TYExtend.h */ = {isa = PBXFileReference; fileEncoding = 4; lastKnownFileType = sourcecode.c.h; path = "NSString+TYExtend.h"; sourceTree = "<group>"; };
		8854B5D71CA0F97900353828 /* NSString+TYExtend.m */ = {isa = PBXFileReference; fileEncoding = 4; lastKnownFileType = sourcecode.c.objc; path = "NSString+TYExtend.m"; sourceTree = "<group>"; };
		8854B5D81CA0F97900353828 /* TYKitHeader.h */ = {isa = PBXFileReference; fileEncoding = 4; lastKnownFileType = sourcecode.c.h; path = TYKitHeader.h; sourceTree = "<group>"; };
		8854B5DA1CA0F97900353828 /* TYBaseRequest.h */ = {isa = PBXFileReference; fileEncoding = 4; lastKnownFileType = sourcecode.c.h; path = TYBaseRequest.h; sourceTree = "<group>"; };
		8854B5DB1CA0F97900353828 /* TYBaseRequest.m */ = {isa = PBXFileReference; fileEncoding = 4; lastKnownFileType = sourcecode.c.objc; path = TYBaseRequest.m; sourceTree = "<group>"; };
		8854B5DC1CA0F97900353828 /* TYNetworkAgent.h */ = {isa = PBXFileReference; fileEncoding = 4; lastKnownFileType = sourcecode.c.h; path = TYNetworkAgent.h; sourceTree = "<group>"; };
		8854B5DD1CA0F97900353828 /* TYNetworkAgent.m */ = {isa = PBXFileReference; fileEncoding = 4; lastKnownFileType = sourcecode.c.objc; path = TYNetworkAgent.m; sourceTree = "<group>"; };
		8854B5DE1CA0F97900353828 /* TYNetworkConfig.h */ = {isa = PBXFileReference; fileEncoding = 4; lastKnownFileType = sourcecode.c.h; path = TYNetworkConfig.h; sourceTree = "<group>"; };
		8854B5DF1CA0F97900353828 /* TYNetworkConfig.m */ = {isa = PBXFileReference; fileEncoding = 4; lastKnownFileType = sourcecode.c.objc; path = TYNetworkConfig.m; sourceTree = "<group>"; };
		8854B5E01CA0F97900353828 /* TYNetworkUtil.h */ = {isa = PBXFileReference; fileEncoding = 4; lastKnownFileType = sourcecode.c.h; path = TYNetworkUtil.h; sourceTree = "<group>"; };
		8854B5E11CA0F97900353828 /* TYNetworkUtil.m */ = {isa = PBXFileReference; fileEncoding = 4; lastKnownFileType = sourcecode.c.objc; path = TYNetworkUtil.m; sourceTree = "<group>"; };
		8854B5E21CA0F97900353828 /* TYRequest.h */ = {isa = PBXFileReference; fileEncoding = 4; lastKnownFileType = sourcecode.c.h; path = TYRequest.h; sourceTree = "<group>"; };
		8854B5E31CA0F97900353828 /* TYRequest.m */ = {isa = PBXFileReference; fileEncoding = 4; lastKnownFileType = sourcecode.c.objc; path = TYRequest.m; sourceTree = "<group>"; };
		8854B5E51CA0F97900353828 /* TYTool.h */ = {isa = PBXFileReference; fileEncoding = 4; lastKnownFileType = sourcecode.c.h; path = TYTool.h; sourceTree = "<group>"; };
		8854B5E61CA0F97900353828 /* TYTool.m */ = {isa = PBXFileReference; fileEncoding = 4; lastKnownFileType = sourcecode.c.objc; path = TYTool.m; sourceTree = "<group>"; };
		886968B91C92BE0800C127CB /* TYKitDemoProject.app */ = {isa = PBXFileReference; explicitFileType = wrapper.application; includeInIndex = 0; path = TYKitDemoProject.app; sourceTree = BUILT_PRODUCTS_DIR; };
		886968BD1C92BE0800C127CB /* main.m */ = {isa = PBXFileReference; lastKnownFileType = sourcecode.c.objc; path = main.m; sourceTree = "<group>"; };
		886968BF1C92BE0800C127CB /* AppDelegate.h */ = {isa = PBXFileReference; lastKnownFileType = sourcecode.c.h; path = AppDelegate.h; sourceTree = "<group>"; };
		886968C01C92BE0800C127CB /* AppDelegate.m */ = {isa = PBXFileReference; lastKnownFileType = sourcecode.c.objc; path = AppDelegate.m; sourceTree = "<group>"; };
		886968C21C92BE0800C127CB /* ViewController.h */ = {isa = PBXFileReference; lastKnownFileType = sourcecode.c.h; path = ViewController.h; sourceTree = "<group>"; };
		886968C31C92BE0800C127CB /* ViewController.m */ = {isa = PBXFileReference; lastKnownFileType = sourcecode.c.objc; path = ViewController.m; sourceTree = "<group>"; };
		886968C61C92BE0900C127CB /* Base */ = {isa = PBXFileReference; lastKnownFileType = file.storyboard; name = Base; path = Base.lproj/Main.storyboard; sourceTree = "<group>"; };
		886968C81C92BE0900C127CB /* Assets.xcassets */ = {isa = PBXFileReference; lastKnownFileType = folder.assetcatalog; path = Assets.xcassets; sourceTree = "<group>"; };
		886968CB1C92BE0900C127CB /* Base */ = {isa = PBXFileReference; lastKnownFileType = file.storyboard; name = Base; path = Base.lproj/LaunchScreen.storyboard; sourceTree = "<group>"; };
		886968CD1C92BE0900C127CB /* Info.plist */ = {isa = PBXFileReference; lastKnownFileType = text.plist.xml; path = Info.plist; sourceTree = "<group>"; };
		886968D21C92BE0900C127CB /* TYKitDemoProjectTests.xctest */ = {isa = PBXFileReference; explicitFileType = wrapper.cfbundle; includeInIndex = 0; path = TYKitDemoProjectTests.xctest; sourceTree = BUILT_PRODUCTS_DIR; };
		886968D61C92BE0900C127CB /* TYKitDemoProjectTests.m */ = {isa = PBXFileReference; lastKnownFileType = sourcecode.c.objc; path = TYKitDemoProjectTests.m; sourceTree = "<group>"; };
		886968D81C92BE0900C127CB /* Info.plist */ = {isa = PBXFileReference; lastKnownFileType = text.plist.xml; path = Info.plist; sourceTree = "<group>"; };
		886968DD1C92BE0900C127CB /* TYKitDemoProjectUITests.xctest */ = {isa = PBXFileReference; explicitFileType = wrapper.cfbundle; includeInIndex = 0; path = TYKitDemoProjectUITests.xctest; sourceTree = BUILT_PRODUCTS_DIR; };
		886968E11C92BE0900C127CB /* TYKitDemoProjectUITests.m */ = {isa = PBXFileReference; lastKnownFileType = sourcecode.c.objc; path = TYKitDemoProjectUITests.m; sourceTree = "<group>"; };
		886968E31C92BE0900C127CB /* Info.plist */ = {isa = PBXFileReference; lastKnownFileType = text.plist.xml; path = Info.plist; sourceTree = "<group>"; };
/* End PBXFileReference section */

/* Begin PBXFrameworksBuildPhase section */
		886968B61C92BE0800C127CB /* Frameworks */ = {
			isa = PBXFrameworksBuildPhase;
			buildActionMask = 2147483647;
			files = (
			);
			runOnlyForDeploymentPostprocessing = 0;
		};
		886968CF1C92BE0900C127CB /* Frameworks */ = {
			isa = PBXFrameworksBuildPhase;
			buildActionMask = 2147483647;
			files = (
			);
			runOnlyForDeploymentPostprocessing = 0;
		};
		886968DA1C92BE0900C127CB /* Frameworks */ = {
			isa = PBXFrameworksBuildPhase;
			buildActionMask = 2147483647;
			files = (
			);
			runOnlyForDeploymentPostprocessing = 0;
		};
/* End PBXFrameworksBuildPhase section */

/* Begin PBXGroup section */
		8854B59E1CA0F97900353828 /* Libs */ = {
			isa = PBXGroup;
			children = (
				8854B59F1CA0F97900353828 /* AFNetworking */,
				8854B5C91CA0F97900353828 /* TYKit */,
			);
			path = Libs;
			sourceTree = "<group>";
		};
		8854B59F1CA0F97900353828 /* AFNetworking */ = {
			isa = PBXGroup;
			children = (
				8854B5A01CA0F97900353828 /* AFDownloadRequestOperation */,
				8854B5A31CA0F97900353828 /* Core */,
				8854B5B71CA0F97900353828 /* UIKit+AFNetworking */,
			);
			path = AFNetworking;
			sourceTree = "<group>";
		};
		8854B5A01CA0F97900353828 /* AFDownloadRequestOperation */ = {
			isa = PBXGroup;
			children = (
				8854B5A11CA0F97900353828 /* AFDownloadRequestOperation.h */,
				8854B5A21CA0F97900353828 /* AFDownloadRequestOperation.m */,
			);
			path = AFDownloadRequestOperation;
			sourceTree = "<group>";
		};
		8854B5A31CA0F97900353828 /* Core */ = {
			isa = PBXGroup;
			children = (
				8854B5A41CA0F97900353828 /* AFHTTPRequestOperation.h */,
				8854B5A51CA0F97900353828 /* AFHTTPRequestOperation.m */,
				8854B5A61CA0F97900353828 /* AFHTTPRequestOperationManager.h */,
				8854B5A71CA0F97900353828 /* AFHTTPRequestOperationManager.m */,
				8854B5A81CA0F97900353828 /* AFHTTPSessionManager.h */,
				8854B5A91CA0F97900353828 /* AFHTTPSessionManager.m */,
				8854B5AA1CA0F97900353828 /* AFNetworking.h */,
				8854B5AB1CA0F97900353828 /* AFNetworkReachabilityManager.h */,
				8854B5AC1CA0F97900353828 /* AFNetworkReachabilityManager.m */,
				8854B5AD1CA0F97900353828 /* AFSecurityPolicy.h */,
				8854B5AE1CA0F97900353828 /* AFSecurityPolicy.m */,
				8854B5AF1CA0F97900353828 /* AFURLConnectionOperation.h */,
				8854B5B01CA0F97900353828 /* AFURLConnectionOperation.m */,
				8854B5B11CA0F97900353828 /* AFURLRequestSerialization.h */,
				8854B5B21CA0F97900353828 /* AFURLRequestSerialization.m */,
				8854B5B31CA0F97900353828 /* AFURLResponseSerialization.h */,
				8854B5B41CA0F97900353828 /* AFURLResponseSerialization.m */,
				8854B5B51CA0F97900353828 /* AFURLSessionManager.h */,
				8854B5B61CA0F97900353828 /* AFURLSessionManager.m */,
			);
			path = Core;
			sourceTree = "<group>";
		};
		8854B5B71CA0F97900353828 /* UIKit+AFNetworking */ = {
			isa = PBXGroup;
			children = (
				8854B5B81CA0F97900353828 /* AFNetworkActivityIndicatorManager.h */,
				8854B5B91CA0F97900353828 /* AFNetworkActivityIndicatorManager.m */,
				8854B5BA1CA0F97900353828 /* UIActivityIndicatorView+AFNetworking.h */,
				8854B5BB1CA0F97900353828 /* UIActivityIndicatorView+AFNetworking.m */,
				8854B5BC1CA0F97900353828 /* UIAlertView+AFNetworking.h */,
				8854B5BD1CA0F97900353828 /* UIAlertView+AFNetworking.m */,
				8854B5BE1CA0F97900353828 /* UIButton+AFNetworking.h */,
				8854B5BF1CA0F97900353828 /* UIButton+AFNetworking.m */,
				8854B5C01CA0F97900353828 /* UIImageView+AFNetworking.h */,
				8854B5C11CA0F97900353828 /* UIImageView+AFNetworking.m */,
				8854B5C21CA0F97900353828 /* UIKit+AFNetworking.h */,
				8854B5C31CA0F97900353828 /* UIProgressView+AFNetworking.h */,
				8854B5C41CA0F97900353828 /* UIProgressView+AFNetworking.m */,
				8854B5C51CA0F97900353828 /* UIRefreshControl+AFNetworking.h */,
				8854B5C61CA0F97900353828 /* UIRefreshControl+AFNetworking.m */,
				8854B5C71CA0F97900353828 /* UIWebView+AFNetworking.h */,
				8854B5C81CA0F97900353828 /* UIWebView+AFNetworking.m */,
			);
			path = "UIKit+AFNetworking";
			sourceTree = "<group>";
		};
		8854B5C91CA0F97900353828 /* TYKit */ = {
			isa = PBXGroup;
			children = (
				8854B5CA1CA0F97900353828 /* TYConstant */,
				8854B5CC1CA0F97900353828 /* TYConverter */,
				8854B5D11CA0F97900353828 /* TYExtend */,
				8854B5D81CA0F97900353828 /* TYKitHeader.h */,
				8854B5D91CA0F97900353828 /* TYNetwork */,
				8854B5E41CA0F97900353828 /* TYTool */,
			);
			path = TYKit;
			sourceTree = "<group>";
		};
		8854B5CA1CA0F97900353828 /* TYConstant */ = {
			isa = PBXGroup;
			children = (
				8854B5CB1CA0F97900353828 /* TYConstant.h */,
			);
			path = TYConstant;
			sourceTree = "<group>";
		};
		8854B5CC1CA0F97900353828 /* TYConverter */ = {
			isa = PBXGroup;
			children = (
				8854B5CD1CA0F97900353828 /* TYAdaperManager.h */,
				8854B5CE1CA0F97900353828 /* TYAdaperManager.m */,
				8854B5CF1CA0F97900353828 /* TYBaseAdapter.h */,
				8854B5D01CA0F97900353828 /* TYBaseAdapter.m */,
			);
			path = TYConverter;
			sourceTree = "<group>";
		};
		8854B5D11CA0F97900353828 /* TYExtend */ = {
			isa = PBXGroup;
			children = (
				8854B5D21CA0F97900353828 /* NSArray+TYExtend.h */,
				8854B5D31CA0F97900353828 /* NSArray+TYExtend.m */,
				8854B5D41CA0F97900353828 /* NSData+TYExtend.h */,
				8854B5D51CA0F97900353828 /* NSData+TYExtend.m */,
				8854B5D61CA0F97900353828 /* NSString+TYExtend.h */,
				8854B5D71CA0F97900353828 /* NSString+TYExtend.m */,
			);
			path = TYExtend;
			sourceTree = "<group>";
		};
		8854B5D91CA0F97900353828 /* TYNetwork */ = {
			isa = PBXGroup;
			children = (
				8854B5DA1CA0F97900353828 /* TYBaseRequest.h */,
				8854B5DB1CA0F97900353828 /* TYBaseRequest.m */,
				8854B5DC1CA0F97900353828 /* TYNetworkAgent.h */,
				8854B5DD1CA0F97900353828 /* TYNetworkAgent.m */,
				8854B5DE1CA0F97900353828 /* TYNetworkConfig.h */,
				8854B5DF1CA0F97900353828 /* TYNetworkConfig.m */,
				8854B5E01CA0F97900353828 /* TYNetworkUtil.h */,
				8854B5E11CA0F97900353828 /* TYNetworkUtil.m */,
				8854B5E21CA0F97900353828 /* TYRequest.h */,
				8854B5E31CA0F97900353828 /* TYRequest.m */,
			);
			path = TYNetwork;
			sourceTree = "<group>";
		};
		8854B5E41CA0F97900353828 /* TYTool */ = {
			isa = PBXGroup;
			children = (
				8854B5E51CA0F97900353828 /* TYTool.h */,
				8854B5E61CA0F97900353828 /* TYTool.m */,
			);
			path = TYTool;
			sourceTree = "<group>";
		};
		8854B5E71CA0F97900353828 /* Models */ = {
			isa = PBXGroup;
			children = (
				884489A51CA1225A008FBA39 /* UserInfo.h */,
				884489A61CA1225A008FBA39 /* UserInfo.m */,
			);
			path = Models;
			sourceTree = "<group>";
		};
		886968B01C92BE0700C127CB = {
			isa = PBXGroup;
			children = (
				886968BB1C92BE0800C127CB /* TYKitDemoProject */,
				886968D51C92BE0900C127CB /* TYKitDemoProjectTests */,
				886968E01C92BE0900C127CB /* TYKitDemoProjectUITests */,
				886968BA1C92BE0800C127CB /* Products */,
			);
			sourceTree = "<group>";
		};
		886968BA1C92BE0800C127CB /* Products */ = {
			isa = PBXGroup;
			children = (
				886968B91C92BE0800C127CB /* TYKitDemoProject.app */,
				886968D21C92BE0900C127CB /* TYKitDemoProjectTests.xctest */,
				886968DD1C92BE0900C127CB /* TYKitDemoProjectUITests.xctest */,
			);
			name = Products;
			sourceTree = "<group>";
		};
		886968BB1C92BE0800C127CB /* TYKitDemoProject */ = {
			isa = PBXGroup;
			children = (
				8854B59E1CA0F97900353828 /* Libs */,
				8854B5E71CA0F97900353828 /* Models */,
				886968BF1C92BE0800C127CB /* AppDelegate.h */,
				886968C01C92BE0800C127CB /* AppDelegate.m */,
				886968C21C92BE0800C127CB /* ViewController.h */,
				886968C31C92BE0800C127CB /* ViewController.m */,
				886968C51C92BE0900C127CB /* Main.storyboard */,
				886968C81C92BE0900C127CB /* Assets.xcassets */,
				886968CA1C92BE0900C127CB /* LaunchScreen.storyboard */,
				886968CD1C92BE0900C127CB /* Info.plist */,
				8854B5941CA0F3E600353828 /* LoginApi.h */,
				8854B5951CA0F3E600353828 /* LoginApi.m */,
				8854B5971CA0F78A00353828 /* GetUserInfoApi.h */,
				8854B5981CA0F78A00353828 /* GetUserInfoApi.m */,
				8854B59A1CA0F7D200353828 /* UserInfoAdapter.h */,
				8854B59B1CA0F7D200353828 /* UserInfoAdapter.m */,
				884489A81CA125B7008FBA39 /* PrefixHeader.pch */,
				886968BC1C92BE0800C127CB /* Supporting Files */,
			);
			path = TYKitDemoProject;
			sourceTree = "<group>";
		};
		886968BC1C92BE0800C127CB /* Supporting Files */ = {
			isa = PBXGroup;
			children = (
				886968BD1C92BE0800C127CB /* main.m */,
			);
			name = "Supporting Files";
			sourceTree = "<group>";
		};
		886968D51C92BE0900C127CB /* TYKitDemoProjectTests */ = {
			isa = PBXGroup;
			children = (
				886968D61C92BE0900C127CB /* TYKitDemoProjectTests.m */,
				886968D81C92BE0900C127CB /* Info.plist */,
			);
			path = TYKitDemoProjectTests;
			sourceTree = "<group>";
		};
		886968E01C92BE0900C127CB /* TYKitDemoProjectUITests */ = {
			isa = PBXGroup;
			children = (
				886968E11C92BE0900C127CB /* TYKitDemoProjectUITests.m */,
				886968E31C92BE0900C127CB /* Info.plist */,
			);
			path = TYKitDemoProjectUITests;
			sourceTree = "<group>";
		};
/* End PBXGroup section */

/* Begin PBXNativeTarget section */
		886968B81C92BE0800C127CB /* TYKitDemoProject */ = {
			isa = PBXNativeTarget;
			buildConfigurationList = 886968E61C92BE0900C127CB /* Build configuration list for PBXNativeTarget "TYKitDemoProject" */;
			buildPhases = (
				886968B51C92BE0800C127CB /* Sources */,
				886968B61C92BE0800C127CB /* Frameworks */,
				886968B71C92BE0800C127CB /* Resources */,
			);
			buildRules = (
			);
			dependencies = (
			);
			name = TYKitDemoProject;
			productName = TYKitDemoProject;
			productReference = 886968B91C92BE0800C127CB /* TYKitDemoProject.app */;
			productType = "com.apple.product-type.application";
		};
		886968D11C92BE0900C127CB /* TYKitDemoProjectTests */ = {
			isa = PBXNativeTarget;
			buildConfigurationList = 886968E91C92BE0900C127CB /* Build configuration list for PBXNativeTarget "TYKitDemoProjectTests" */;
			buildPhases = (
				886968CE1C92BE0900C127CB /* Sources */,
				886968CF1C92BE0900C127CB /* Frameworks */,
				886968D01C92BE0900C127CB /* Resources */,
			);
			buildRules = (
			);
			dependencies = (
				886968D41C92BE0900C127CB /* PBXTargetDependency */,
			);
			name = TYKitDemoProjectTests;
			productName = TYKitDemoProjectTests;
			productReference = 886968D21C92BE0900C127CB /* TYKitDemoProjectTests.xctest */;
			productType = "com.apple.product-type.bundle.unit-test";
		};
		886968DC1C92BE0900C127CB /* TYKitDemoProjectUITests */ = {
			isa = PBXNativeTarget;
			buildConfigurationList = 886968EC1C92BE0900C127CB /* Build configuration list for PBXNativeTarget "TYKitDemoProjectUITests" */;
			buildPhases = (
				886968D91C92BE0900C127CB /* Sources */,
				886968DA1C92BE0900C127CB /* Frameworks */,
				886968DB1C92BE0900C127CB /* Resources */,
			);
			buildRules = (
			);
			dependencies = (
				886968DF1C92BE0900C127CB /* PBXTargetDependency */,
			);
			name = TYKitDemoProjectUITests;
			productName = TYKitDemoProjectUITests;
			productReference = 886968DD1C92BE0900C127CB /* TYKitDemoProjectUITests.xctest */;
			productType = "com.apple.product-type.bundle.ui-testing";
		};
/* End PBXNativeTarget section */

/* Begin PBXProject section */
		886968B11C92BE0800C127CB /* Project object */ = {
			isa = PBXProject;
			attributes = {
				LastUpgradeCheck = 0720;
				ORGANIZATIONNAME = 18m;
				TargetAttributes = {
					886968B81C92BE0800C127CB = {
						CreatedOnToolsVersion = 7.2;
					};
					886968D11C92BE0900C127CB = {
						CreatedOnToolsVersion = 7.2;
						TestTargetID = 886968B81C92BE0800C127CB;
					};
					886968DC1C92BE0900C127CB = {
						CreatedOnToolsVersion = 7.2;
						TestTargetID = 886968B81C92BE0800C127CB;
					};
				};
			};
			buildConfigurationList = 886968B41C92BE0800C127CB /* Build configuration list for PBXProject "TYKitDemoProject" */;
			compatibilityVersion = "Xcode 3.2";
			developmentRegion = English;
			hasScannedForEncodings = 0;
			knownRegions = (
				en,
				Base,
			);
			mainGroup = 886968B01C92BE0700C127CB;
			productRefGroup = 886968BA1C92BE0800C127CB /* Products */;
			projectDirPath = "";
			projectRoot = "";
			targets = (
				886968B81C92BE0800C127CB /* TYKitDemoProject */,
				886968D11C92BE0900C127CB /* TYKitDemoProjectTests */,
				886968DC1C92BE0900C127CB /* TYKitDemoProjectUITests */,
			);
		};
/* End PBXProject section */

/* Begin PBXResourcesBuildPhase section */
		886968B71C92BE0800C127CB /* Resources */ = {
			isa = PBXResourcesBuildPhase;
			buildActionMask = 2147483647;
			files = (
				886968CC1C92BE0900C127CB /* LaunchScreen.storyboard in Resources */,
				886968C91C92BE0900C127CB /* Assets.xcassets in Resources */,
				886968C71C92BE0900C127CB /* Main.storyboard in Resources */,
			);
			runOnlyForDeploymentPostprocessing = 0;
		};
		886968D01C92BE0900C127CB /* Resources */ = {
			isa = PBXResourcesBuildPhase;
			buildActionMask = 2147483647;
			files = (
			);
			runOnlyForDeploymentPostprocessing = 0;
		};
		886968DB1C92BE0900C127CB /* Resources */ = {
			isa = PBXResourcesBuildPhase;
			buildActionMask = 2147483647;
			files = (
			);
			runOnlyForDeploymentPostprocessing = 0;
		};
/* End PBXResourcesBuildPhase section */

/* Begin PBXSourcesBuildPhase section */
		886968B51C92BE0800C127CB /* Sources */ = {
			isa = PBXSourcesBuildPhase;
			buildActionMask = 2147483647;
			files = (
				8854B5F81CA0F97900353828 /* UIRefreshControl+AFNetworking.m in Sources */,
				8854B5EE1CA0F97900353828 /* AFURLConnectionOperation.m in Sources */,
				886968C41C92BE0800C127CB /* ViewController.m in Sources */,
				8854B5FF1CA0F97900353828 /* TYBaseRequest.m in Sources */,
				8854B5F71CA0F97900353828 /* UIProgressView+AFNetworking.m in Sources */,
				8854B5961CA0F3E600353828 /* LoginApi.m in Sources */,
				8854B6041CA0F97900353828 /* TYTool.m in Sources */,
				8854B5F41CA0F97900353828 /* UIAlertView+AFNetworking.m in Sources */,
				8854B59C1CA0F7D200353828 /* UserInfoAdapter.m in Sources */,
				8854B5F01CA0F97900353828 /* AFURLResponseSerialization.m in Sources */,
				8854B5FA1CA0F97900353828 /* TYAdaperManager.m in Sources */,
				8854B5F51CA0F97900353828 /* UIButton+AFNetworking.m in Sources */,
				8854B5FE1CA0F97900353828 /* NSString+TYExtend.m in Sources */,
				8854B5E81CA0F97900353828 /* AFDownloadRequestOperation.m in Sources */,
				8854B5F31CA0F97900353828 /* UIActivityIndicatorView+AFNetworking.m in Sources */,
				8854B5EF1CA0F97900353828 /* AFURLRequestSerialization.m in Sources */,
				8854B5F21CA0F97900353828 /* AFNetworkActivityIndicatorManager.m in Sources */,
				8854B5ED1CA0F97900353828 /* AFSecurityPolicy.m in Sources */,
				8854B5FB1CA0F97900353828 /* TYBaseAdapter.m in Sources */,
				8854B6031CA0F97900353828 /* TYRequest.m in Sources */,
				8854B5E91CA0F97900353828 /* AFHTTPRequestOperation.m in Sources */,
				8854B6021CA0F97900353828 /* TYNetworkUtil.m in Sources */,
				8854B5F11CA0F97900353828 /* AFURLSessionManager.m in Sources */,
				886968C11C92BE0800C127CB /* AppDelegate.m in Sources */,
				8854B5FD1CA0F97900353828 /* NSData+TYExtend.m in Sources */,
				886968BE1C92BE0800C127CB /* main.m in Sources */,
				8854B5FC1CA0F97900353828 /* NSArray+TYExtend.m in Sources */,
				8854B5EB1CA0F97900353828 /* AFHTTPSessionManager.m in Sources */,
				884489A71CA1225A008FBA39 /* UserInfo.m in Sources */,
				8854B6011CA0F97900353828 /* TYNetworkConfig.m in Sources */,
				8854B5991CA0F78A00353828 /* GetUserInfoApi.m in Sources */,
				8854B5F91CA0F97900353828 /* UIWebView+AFNetworking.m in Sources */,
				8854B6001CA0F97900353828 /* TYNetworkAgent.m in Sources */,
				8854B5EC1CA0F97900353828 /* AFNetworkReachabilityManager.m in Sources */,
				8854B5F61CA0F97900353828 /* UIImageView+AFNetworking.m in Sources */,
				8854B5EA1CA0F97900353828 /* AFHTTPRequestOperationManager.m in Sources */,
			);
			runOnlyForDeploymentPostprocessing = 0;
		};
		886968CE1C92BE0900C127CB /* Sources */ = {
			isa = PBXSourcesBuildPhase;
			buildActionMask = 2147483647;
			files = (
				886968D71C92BE0900C127CB /* TYKitDemoProjectTests.m in Sources */,
			);
			runOnlyForDeploymentPostprocessing = 0;
		};
		886968D91C92BE0900C127CB /* Sources */ = {
			isa = PBXSourcesBuildPhase;
			buildActionMask = 2147483647;
			files = (
				886968E21C92BE0900C127CB /* TYKitDemoProjectUITests.m in Sources */,
			);
			runOnlyForDeploymentPostprocessing = 0;
		};
/* End PBXSourcesBuildPhase section */

/* Begin PBXTargetDependency section */
		886968D41C92BE0900C127CB /* PBXTargetDependency */ = {
			isa = PBXTargetDependency;
			target = 886968B81C92BE0800C127CB /* TYKitDemoProject */;
			targetProxy = 886968D31C92BE0900C127CB /* PBXContainerItemProxy */;
		};
		886968DF1C92BE0900C127CB /* PBXTargetDependency */ = {
			isa = PBXTargetDependency;
			target = 886968B81C92BE0800C127CB /* TYKitDemoProject */;
			targetProxy = 886968DE1C92BE0900C127CB /* PBXContainerItemProxy */;
		};
/* End PBXTargetDependency section */

/* Begin PBXVariantGroup section */
		886968C51C92BE0900C127CB /* Main.storyboard */ = {
			isa = PBXVariantGroup;
			children = (
				886968C61C92BE0900C127CB /* Base */,
			);
			name = Main.storyboard;
			sourceTree = "<group>";
		};
		886968CA1C92BE0900C127CB /* LaunchScreen.storyboard */ = {
			isa = PBXVariantGroup;
			children = (
				886968CB1C92BE0900C127CB /* Base */,
			);
			name = LaunchScreen.storyboard;
			sourceTree = "<group>";
		};
/* End PBXVariantGroup section */

/* Begin XCBuildConfiguration section */
		886968E41C92BE0900C127CB /* Debug */ = {
			isa = XCBuildConfiguration;
			buildSettings = {
				ALWAYS_SEARCH_USER_PATHS = NO;
				CLANG_CXX_LANGUAGE_STANDARD = "gnu++0x";
				CLANG_CXX_LIBRARY = "libc++";
				CLANG_ENABLE_MODULES = YES;
				CLANG_ENABLE_OBJC_ARC = YES;
				CLANG_WARN_BOOL_CONVERSION = YES;
				CLANG_WARN_CONSTANT_CONVERSION = YES;
				CLANG_WARN_DIRECT_OBJC_ISA_USAGE = YES_ERROR;
				CLANG_WARN_EMPTY_BODY = YES;
				CLANG_WARN_ENUM_CONVERSION = YES;
				CLANG_WARN_INT_CONVERSION = YES;
				CLANG_WARN_OBJC_ROOT_CLASS = YES_ERROR;
				CLANG_WARN_UNREACHABLE_CODE = YES;
				CLANG_WARN__DUPLICATE_METHOD_MATCH = YES;
				"CODE_SIGN_IDENTITY[sdk=iphoneos*]" = "iPhone Developer";
				COPY_PHASE_STRIP = NO;
				DEBUG_INFORMATION_FORMAT = dwarf;
				ENABLE_STRICT_OBJC_MSGSEND = YES;
				ENABLE_TESTABILITY = YES;
				GCC_C_LANGUAGE_STANDARD = gnu99;
				GCC_DYNAMIC_NO_PIC = NO;
				GCC_NO_COMMON_BLOCKS = YES;
				GCC_OPTIMIZATION_LEVEL = 0;
				GCC_PREPROCESSOR_DEFINITIONS = (
					"DEBUG=1",
					"$(inherited)",
				);
				GCC_WARN_64_TO_32_BIT_CONVERSION = YES;
				GCC_WARN_ABOUT_RETURN_TYPE = YES_ERROR;
				GCC_WARN_UNDECLARED_SELECTOR = YES;
				GCC_WARN_UNINITIALIZED_AUTOS = YES_AGGRESSIVE;
				GCC_WARN_UNUSED_FUNCTION = YES;
				GCC_WARN_UNUSED_VARIABLE = YES;
				IPHONEOS_DEPLOYMENT_TARGET = 9.2;
				MTL_ENABLE_DEBUG_INFO = YES;
				ONLY_ACTIVE_ARCH = YES;
				SDKROOT = iphoneos;
				TARGETED_DEVICE_FAMILY = "1,2";
			};
			name = Debug;
		};
		886968E51C92BE0900C127CB /* Release */ = {
			isa = XCBuildConfiguration;
			buildSettings = {
				ALWAYS_SEARCH_USER_PATHS = NO;
				CLANG_CXX_LANGUAGE_STANDARD = "gnu++0x";
				CLANG_CXX_LIBRARY = "libc++";
				CLANG_ENABLE_MODULES = YES;
				CLANG_ENABLE_OBJC_ARC = YES;
				CLANG_WARN_BOOL_CONVERSION = YES;
				CLANG_WARN_CONSTANT_CONVERSION = YES;
				CLANG_WARN_DIRECT_OBJC_ISA_USAGE = YES_ERROR;
				CLANG_WARN_EMPTY_BODY = YES;
				CLANG_WARN_ENUM_CONVERSION = YES;
				CLANG_WARN_INT_CONVERSION = YES;
				CLANG_WARN_OBJC_ROOT_CLASS = YES_ERROR;
				CLANG_WARN_UNREACHABLE_CODE = YES;
				CLANG_WARN__DUPLICATE_METHOD_MATCH = YES;
				"CODE_SIGN_IDENTITY[sdk=iphoneos*]" = "iPhone Developer";
				COPY_PHASE_STRIP = NO;
				DEBUG_INFORMATION_FORMAT = "dwarf-with-dsym";
				ENABLE_NS_ASSERTIONS = NO;
				ENABLE_STRICT_OBJC_MSGSEND = YES;
				GCC_C_LANGUAGE_STANDARD = gnu99;
				GCC_NO_COMMON_BLOCKS = YES;
				GCC_WARN_64_TO_32_BIT_CONVERSION = YES;
				GCC_WARN_ABOUT_RETURN_TYPE = YES_ERROR;
				GCC_WARN_UNDECLARED_SELECTOR = YES;
				GCC_WARN_UNINITIALIZED_AUTOS = YES_AGGRESSIVE;
				GCC_WARN_UNUSED_FUNCTION = YES;
				GCC_WARN_UNUSED_VARIABLE = YES;
				IPHONEOS_DEPLOYMENT_TARGET = 9.2;
				MTL_ENABLE_DEBUG_INFO = NO;
				SDKROOT = iphoneos;
				TARGETED_DEVICE_FAMILY = "1,2";
				VALIDATE_PRODUCT = YES;
			};
			name = Release;
		};
		886968E71C92BE0900C127CB /* Debug */ = {
			isa = XCBuildConfiguration;
			buildSettings = {
				ASSETCATALOG_COMPILER_APPICON_NAME = AppIcon;
				GCC_INCREASE_PRECOMPILED_HEADER_SHARING = NO;
				GCC_PRECOMPILE_PREFIX_HEADER = YES;
				GCC_PREFIX_HEADER = TYKitDemoProject/PrefixHeader.pch;
				INFOPLIST_FILE = TYKitDemoProject/Info.plist;
				LD_RUNPATH_SEARCH_PATHS = "$(inherited) @executable_path/Frameworks";
				PRODUCT_BUNDLE_IDENTIFIER = com.everyone.TYKitDemoProject;
				PRODUCT_NAME = "$(TARGET_NAME)";
			};
			name = Debug;
		};
		886968E81C92BE0900C127CB /* Release */ = {
			isa = XCBuildConfiguration;
			buildSettings = {
				ASSETCATALOG_COMPILER_APPICON_NAME = AppIcon;
				GCC_INCREASE_PRECOMPILED_HEADER_SHARING = NO;
				GCC_PRECOMPILE_PREFIX_HEADER = YES;
				GCC_PREFIX_HEADER = TYKitDemoProject/PrefixHeader.pch;
				INFOPLIST_FILE = TYKitDemoProject/Info.plist;
				LD_RUNPATH_SEARCH_PATHS = "$(inherited) @executable_path/Frameworks";
				PRODUCT_BUNDLE_IDENTIFIER = com.everyone.TYKitDemoProject;
				PRODUCT_NAME = "$(TARGET_NAME)";
			};
			name = Release;
		};
		886968EA1C92BE0900C127CB /* Debug */ = {
			isa = XCBuildConfiguration;
			buildSettings = {
				BUNDLE_LOADER = "$(TEST_HOST)";
				INFOPLIST_FILE = TYKitDemoProjectTests/Info.plist;
				LD_RUNPATH_SEARCH_PATHS = "$(inherited) @executable_path/Frameworks @loader_path/Frameworks";
				PRODUCT_BUNDLE_IDENTIFIER = com.everyone.TYKitDemoProjectTests;
				PRODUCT_NAME = "$(TARGET_NAME)";
				TEST_HOST = "$(BUILT_PRODUCTS_DIR)/TYKitDemoProject.app/TYKitDemoProject";
			};
			name = Debug;
		};
		886968EB1C92BE0900C127CB /* Release */ = {
			isa = XCBuildConfiguration;
			buildSettings = {
				BUNDLE_LOADER = "$(TEST_HOST)";
				INFOPLIST_FILE = TYKitDemoProjectTests/Info.plist;
				LD_RUNPATH_SEARCH_PATHS = "$(inherited) @executable_path/Frameworks @loader_path/Frameworks";
				PRODUCT_BUNDLE_IDENTIFIER = com.everyone.TYKitDemoProjectTests;
				PRODUCT_NAME = "$(TARGET_NAME)";
				TEST_HOST = "$(BUILT_PRODUCTS_DIR)/TYKitDemoProject.app/TYKitDemoProject";
			};
			name = Release;
		};
		886968ED1C92BE0900C127CB /* Debug */ = {
			isa = XCBuildConfiguration;
			buildSettings = {
				INFOPLIST_FILE = TYKitDemoProjectUITests/Info.plist;
				LD_RUNPATH_SEARCH_PATHS = "$(inherited) @executable_path/Frameworks @loader_path/Frameworks";
				PRODUCT_BUNDLE_IDENTIFIER = com.everyone.TYKitDemoProjectUITests;
				PRODUCT_NAME = "$(TARGET_NAME)";
				TEST_TARGET_NAME = TYKitDemoProject;
				USES_XCTRUNNER = YES;
			};
			name = Debug;
		};
		886968EE1C92BE0900C127CB /* Release */ = {
			isa = XCBuildConfiguration;
			buildSettings = {
				INFOPLIST_FILE = TYKitDemoProjectUITests/Info.plist;
				LD_RUNPATH_SEARCH_PATHS = "$(inherited) @executable_path/Frameworks @loader_path/Frameworks";
				PRODUCT_BUNDLE_IDENTIFIER = com.everyone.TYKitDemoProjectUITests;
				PRODUCT_NAME = "$(TARGET_NAME)";
				TEST_TARGET_NAME = TYKitDemoProject;
				USES_XCTRUNNER = YES;
			};
			name = Release;
		};
/* End XCBuildConfiguration section */

/* Begin XCConfigurationList section */
		886968B41C92BE0800C127CB /* Build configuration list for PBXProject "TYKitDemoProject" */ = {
			isa = XCConfigurationList;
			buildConfigurations = (
				886968E41C92BE0900C127CB /* Debug */,
				886968E51C92BE0900C127CB /* Release */,
			);
			defaultConfigurationIsVisible = 0;
			defaultConfigurationName = Release;
		};
		886968E61C92BE0900C127CB /* Build configuration list for PBXNativeTarget "TYKitDemoProject" */ = {
			isa = XCConfigurationList;
			buildConfigurations = (
				886968E71C92BE0900C127CB /* Debug */,
				886968E81C92BE0900C127CB /* Release */,
			);
			defaultConfigurationIsVisible = 0;
			defaultConfigurationName = Release;
		};
		886968E91C92BE0900C127CB /* Build configuration list for PBXNativeTarget "TYKitDemoProjectTests" */ = {
			isa = XCConfigurationList;
			buildConfigurations = (
				886968EA1C92BE0900C127CB /* Debug */,
				886968EB1C92BE0900C127CB /* Release */,
			);
			defaultConfigurationIsVisible = 0;
			defaultConfigurationName = Release;
		};
		886968EC1C92BE0900C127CB /* Build configuration list for PBXNativeTarget "TYKitDemoProjectUITests" */ = {
			isa = XCConfigurationList;
			buildConfigurations = (
				886968ED1C92BE0900C127CB /* Debug */,
				886968EE1C92BE0900C127CB /* Release */,
			);
			defaultConfigurationIsVisible = 0;
			defaultConfigurationName = Release;
		};
/* End XCConfigurationList section */
	};
	rootObject = 886968B11C92BE0800C127CB /* Project object */;
}
